
Microsoft Visual Studio Solution File, Format Version 12.00
# Visual Studio Version 17
VisualStudioVersion = 17.5.002.0
MinimumVisualStudioVersion = 10.0.40219.1
Project("{9A19103F-16F7-4668-BE54-9A1E7A4F7556}") = "ProductSearch", "ProductSearch.csproj", "{28C1C907-DE17-4F6E-905F-E08FCB28E790}"
EndProject
Global
	GlobalSection(SolutionConfigurationPlatforms) = preSolution
		Debug|Any CPU = Debug|Any CPU
		Release|Any CPU = Release|Any CPU
	EndGlobalSection
	GlobalSection(ProjectConfigurationPlatforms) = postSolution
		{28C1C907-DE17-4F6E-905F-E08FCB28E790}.Debug|Any CPU.ActiveCfg = Debug|Any CPU
		{28C1C907-DE17-4F6E-905F-E08FCB28E790}.Debug|Any CPU.Build.0 = Debug|Any CPU
		{28C1C907-DE17-4F6E-905F-E08FCB28E790}.Release|Any CPU.ActiveCfg = Release|Any CPU
		{28C1C907-DE17-4F6E-905F-E08FCB28E790}.Release|Any CPU.Build.0 = Release|Any CPU
	EndGlobalSection
	GlobalSection(SolutionProperties) = preSolution
		HideSolutionNode = FALSE
	EndGlobalSection
	GlobalSection(ExtensibilityGlobals) = postSolution
		SolutionGuid = {2FB52F30-39AB-480C-88C9-951F9A3207B6}
	EndGlobalSection
EndGlobal
